// !$*UTF8*$!
{
	archiveVersion = 1;
	classes = {
	};
	objectVersion = 56;
	objects = {

/* Begin PBXBuildFile section */
		48F730652A9C164F0056FEFB /* AppDelegate.swift in Sources */ = {isa = PBXBuildFile; fileRef = 48F730642A9C164F0056FEFB /* AppDelegate.swift */; };
		48F730672A9C164F0056FEFB /* SceneDelegate.swift in Sources */ = {isa = PBXBuildFile; fileRef = 48F730662A9C164F0056FEFB /* SceneDelegate.swift */; };
		48F730692A9C164F0056FEFB /* ViewController.swift in Sources */ = {isa = PBXBuildFile; fileRef = 48F730682A9C164F0056FEFB /* ViewController.swift */; };
		48F7306C2A9C164F0056FEFB /* Main.storyboard in Resources */ = {isa = PBXBuildFile; fileRef = 48F7306A2A9C164F0056FEFB /* Main.storyboard */; };
		48F7306E2A9C16500056FEFB /* Assets.xcassets in Resources */ = {isa = PBXBuildFile; fileRef = 48F7306D2A9C16500056FEFB /* Assets.xcassets */; };
		48F730712A9C16500056FEFB /* LaunchScreen.storyboard in Resources */ = {isa = PBXBuildFile; fileRef = 48F7306F2A9C16500056FEFB /* LaunchScreen.storyboard */; };
		48F7307C2A9C16500056FEFB /* i_am_richTests.swift in Sources */ = {isa = PBXBuildFile; fileRef = 48F7307B2A9C16500056FEFB /* i_am_richTests.swift */; };
		48F730862A9C16500056FEFB /* i_am_richUITests.swift in Sources */ = {isa = PBXBuildFile; fileRef = 48F730852A9C16500056FEFB /* i_am_richUITests.swift */; };
		48F730882A9C16500056FEFB /* i_am_richUITestsLaunchTests.swift in Sources */ = {isa = PBXBuildFile; fileRef = 48F730872A9C16500056FEFB /* i_am_richUITestsLaunchTests.swift */; };
/* End PBXBuildFile section */

/* Begin PBXContainerItemProxy section */
		48F730782A9C16500056FEFB /* PBXContainerItemProxy */ = {
			isa = PBXContainerItemProxy;
			containerPortal = 48F730592A9C164F0056FEFB /* Project object */;
			proxyType = 1;
			remoteGlobalIDString = 48F730602A9C164F0056FEFB;
			remoteInfo = "i am rich";
		};
		48F730822A9C16500056FEFB /* PBXContainerItemProxy */ = {
			isa = PBXContainerItemProxy;
			containerPortal = 48F730592A9C164F0056FEFB /* Project object */;
			proxyType = 1;
			remoteGlobalIDString = 48F730602A9C164F0056FEFB;
			remoteInfo = "i am rich";
		};
/* End PBXContainerItemProxy section */

/* Begin PBXFileReference section */
		48F730612A9C164F0056FEFB /* i am rich.app */ = {isa = PBXFileReference; explicitFileType = wrapper.application; includeInIndex = 0; path = "i am rich.app"; sourceTree = BUILT_PRODUCTS_DIR; };
		48F730642A9C164F0056FEFB /* AppDelegate.swift */ = {isa = PBXFileReference; lastKnownFileType = sourcecode.swift; path = AppDelegate.swift; sourceTree = "<group>"; };
		48F730662A9C164F0056FEFB /* SceneDelegate.swift */ = {isa = PBXFileReference; lastKnownFileType = sourcecode.swift; path = SceneDelegate.swift; sourceTree = "<group>"; };
		48F730682A9C164F0056FEFB /* ViewController.swift */ = {isa = PBXFileReference; lastKnownFileType = sourcecode.swift; path = ViewController.swift; sourceTree = "<group>"; };
		48F7306B2A9C164F0056FEFB /* Base */ = {isa = PBXFileReference; lastKnownFileType = file.storyboard; name = Base; path = Base.lproj/Main.storyboard; sourceTree = "<group>"; };
		48F7306D2A9C16500056FEFB /* Assets.xcassets */ = {isa = PBXFileReference; lastKnownFileType = folder.assetcatalog; path = Assets.xcassets; sourceTree = "<group>"; };
		48F730702A9C16500056FEFB /* Base */ = {isa = PBXFileReference; lastKnownFileType = file.storyboard; name = Base; path = Base.lproj/LaunchScreen.storyboard; sourceTree = "<group>"; };
		48F730722A9C16500056FEFB /* Info.plist */ = {isa = PBXFileReference; lastKnownFileType = text.plist.xml; path = Info.plist; sourceTree = "<group>"; };
		48F730772A9C16500056FEFB /* i am richTests.xctest */ = {isa = PBXFileReference; explicitFileType = wrapper.cfbundle; includeInIndex = 0; path = "i am richTests.xctest"; sourceTree = BUILT_PRODUCTS_DIR; };
		48F7307B2A9C16500056FEFB /* i_am_richTests.swift */ = {isa = PBXFileReference; lastKnownFileType = sourcecode.swift; path = i_am_richTests.swift; sourceTree = "<group>"; };
		48F730812A9C16500056FEFB /* i am richUITests.xctest */ = {isa = PBXFileReference; explicitFileType = wrapper.cfbundle; includeInIndex = 0; path = "i am richUITests.xctest"; sourceTree = BUILT_PRODUCTS_DIR; };
		48F730852A9C16500056FEFB /* i_am_richUITests.swift */ = {isa = PBXFileReference; lastKnownFileType = sourcecode.swift; path = i_am_richUITests.swift; sourceTree = "<group>"; };
		48F730872A9C16500056FEFB /* i_am_richUITestsLaunchTests.swift */ = {isa = PBXFileReference; lastKnownFileType = sourcecode.swift; path = i_am_richUITestsLaunchTests.swift; sourceTree = "<group>"; };
/* End PBXFileReference section */

/* Begin PBXFrameworksBuildPhase section */
		48F7305E2A9C164F0056FEFB /* Frameworks */ = {
			isa = PBXFrameworksBuildPhase;
			buildActionMask = 2147483647;
			files = (
			);
			runOnlyForDeploymentPostprocessing = 0;
		};
		48F730742A9C16500056FEFB /* Frameworks */ = {
			isa = PBXFrameworksBuildPhase;
			buildActionMask = 2147483647;
			files = (
			);
			runOnlyForDeploymentPostprocessing = 0;
		};
		48F7307E2A9C16500056FEFB /* Frameworks */ = {
			isa = PBXFrameworksBuildPhase;
			buildActionMask = 2147483647;
			files = (
			);
			runOnlyForDeploymentPostprocessing = 0;
		};
/* End PBXFrameworksBuildPhase section */

/* Begin PBXGroup section */
		48F730582A9C164F0056FEFB = {
			isa = PBXGroup;
			children = (
				48F730632A9C164F0056FEFB /* i am rich */,
				48F7307A2A9C16500056FEFB /* i am richTests */,
				48F730842A9C16500056FEFB /* i am richUITests */,
				48F730622A9C164F0056FEFB /* Products */,
			);
			sourceTree = "<group>";
		};
		48F730622A9C164F0056FEFB /* Products */ = {
			isa = PBXGroup;
			children = (
				48F730612A9C164F0056FEFB /* i am rich.app */,
				48F730772A9C16500056FEFB /* i am richTests.xctest */,
				48F730812A9C16500056FEFB /* i am richUITests.xctest */,
			);
			name = Products;
			sourceTree = "<group>";
		};
		48F730632A9C164F0056FEFB /* i am rich */ = {
			isa = PBXGroup;
			children = (
				48F730642A9C164F0056FEFB /* AppDelegate.swift */,
				48F730662A9C164F0056FEFB /* SceneDelegate.swift */,
				48F730682A9C164F0056FEFB /* ViewController.swift */,
				48F7306A2A9C164F0056FEFB /* Main.storyboard */,
				48F7306D2A9C16500056FEFB /* Assets.xcassets */,
				48F7306F2A9C16500056FEFB /* LaunchScreen.storyboard */,
				48F730722A9C16500056FEFB /* Info.plist */,
			);
			path = "i am rich";
			sourceTree = "<group>";
		};
		48F7307A2A9C16500056FEFB /* i am richTests */ = {
			isa = PBXGroup;
			children = (
				48F7307B2A9C16500056FEFB /* i_am_richTests.swift */,
			);
			path = "i am richTests";
			sourceTree = "<group>";
		};
		48F730842A9C16500056FEFB /* i am richUITests */ = {
			isa = PBXGroup;
			children = (
				48F730852A9C16500056FEFB /* i_am_richUITests.swift */,
				48F730872A9C16500056FEFB /* i_am_richUITestsLaunchTests.swift */,
			);
			path = "i am richUITests";
			sourceTree = "<group>";
		};
/* End PBXGroup section */

/* Begin PBXNativeTarget section */
		48F730602A9C164F0056FEFB /* i am rich */ = {
			isa = PBXNativeTarget;
			buildConfigurationList = 48F7308B2A9C16500056FEFB /* Build configuration list for PBXNativeTarget "i am rich" */;
			buildPhases = (
				48F7305D2A9C164F0056FEFB /* Sources */,
				48F7305E2A9C164F0056FEFB /* Frameworks */,
				48F7305F2A9C164F0056FEFB /* Resources */,
			);
			buildRules = (
			);
			dependencies = (
			);
			name = "i am rich";
			productName = "i am rich";
			productReference = 48F730612A9C164F0056FEFB /* i am rich.app */;
			productType = "com.apple.product-type.application";
		};
		48F730762A9C16500056FEFB /* i am richTests */ = {
			isa = PBXNativeTarget;
			buildConfigurationList = 48F7308E2A9C16500056FEFB /* Build configuration list for PBXNativeTarget "i am richTests" */;
			buildPhases = (
				48F730732A9C16500056FEFB /* Sources */,
				48F730742A9C16500056FEFB /* Frameworks */,
				48F730752A9C16500056FEFB /* Resources */,
			);
			buildRules = (
			);
			dependencies = (
				48F730792A9C16500056FEFB /* PBXTargetDependency */,
			);
			name = "i am richTests";
			productName = "i am richTests";
			productReference = 48F730772A9C16500056FEFB /* i am richTests.xctest */;
			productType = "com.apple.product-type.bundle.unit-test";
		};
		48F730802A9C16500056FEFB /* i am richUITests */ = {
			isa = PBXNativeTarget;
			buildConfigurationList = 48F730912A9C16500056FEFB /* Build configuration list for PBXNativeTarget "i am richUITests" */;
			buildPhases = (
				48F7307D2A9C16500056FEFB /* Sources */,
				48F7307E2A9C16500056FEFB /* Frameworks */,
				48F7307F2A9C16500056FEFB /* Resources */,
			);
			buildRules = (
			);
			dependencies = (
				48F730832A9C16500056FEFB /* PBXTargetDependency */,
			);
			name = "i am richUITests";
			productName = "i am richUITests";
			productReference = 48F730812A9C16500056FEFB /* i am richUITests.xctest */;
			productType = "com.apple.product-type.bundle.ui-testing";
		};
/* End PBXNativeTarget section */

/* Begin PBXProject section */
		48F730592A9C164F0056FEFB /* Project object */ = {
			isa = PBXProject;
			attributes = {
				BuildIndependentTargetsInParallel = 1;
				LastSwiftUpdateCheck = 1420;
				LastUpgradeCheck = 1420;
				TargetAttributes = {
					48F730602A9C164F0056FEFB = {
						CreatedOnToolsVersion = 14.2;
					};
					48F730762A9C16500056FEFB = {
						CreatedOnToolsVersion = 14.2;
						TestTargetID = 48F730602A9C164F0056FEFB;
					};
					48F730802A9C16500056FEFB = {
						CreatedOnToolsVersion = 14.2;
						TestTargetID = 48F730602A9C164F0056FEFB;
					};
				};
			};
			buildConfigurationList = 48F7305C2A9C164F0056FEFB /* Build configuration list for PBXProject "i am rich" */;
			compatibilityVersion = "Xcode 14.0";
			developmentRegion = en;
			hasScannedForEncodings = 0;
			knownRegions = (
				en,
				Base,
			);
			mainGroup = 48F730582A9C164F0056FEFB;
			productRefGroup = 48F730622A9C164F0056FEFB /* Products */;
			projectDirPath = "";
			projectRoot = "";
			targets = (
				48F730602A9C164F0056FEFB /* i am rich */,
				48F730762A9C16500056FEFB /* i am richTests */,
				48F730802A9C16500056FEFB /* i am richUITests */,
			);
		};
/* End PBXProject section */

/* Begin PBXResourcesBuildPhase section */
		48F7305F2A9C164F0056FEFB /* Resources */ = {
			isa = PBXResourcesBuildPhase;
			buildActionMask = 2147483647;
			files = (
				48F730712A9C16500056FEFB /* LaunchScreen.storyboard in Resources */,
				48F7306E2A9C16500056FEFB /* Assets.xcassets in Resources */,
				48F7306C2A9C164F0056FEFB /* Main.storyboard in Resources */,
			);
			runOnlyForDeploymentPostprocessing = 0;
		};
		48F730752A9C16500056FEFB /* Resources */ = {
			isa = PBXResourcesBuildPhase;
			buildActionMask = 2147483647;
			files = (
			);
			runOnlyForDeploymentPostprocessing = 0;
		};
		48F7307F2A9C16500056FEFB /* Resources */ = {
			isa = PBXResourcesBuildPhase;
			buildActionMask = 2147483647;
			files = (
			);
			runOnlyForDeploymentPostprocessing = 0;
		};
/* End PBXResourcesBuildPhase section */

/* Begin PBXSourcesBuildPhase section */
		48F7305D2A9C164F0056FEFB /* Sources */ = {
			isa = PBXSourcesBuildPhase;
			buildActionMask = 2147483647;
			files = (
				48F730692A9C164F0056FEFB /* ViewController.swift in Sources */,
				48F730652A9C164F0056FEFB /* AppDelegate.swift in Sources */,
				48F730672A9C164F0056FEFB /* SceneDelegate.swift in Sources */,
			);
			runOnlyForDeploymentPostprocessing = 0;
		};
		48F730732A9C16500056FEFB /* Sources */ = {
			isa = PBXSourcesBuildPhase;
			buildActionMask = 2147483647;
			files = (
				48F7307C2A9C16500056FEFB /* i_am_richTests.swift in Sources */,
			);
			runOnlyForDeploymentPostprocessing = 0;
		};
		48F7307D2A9C16500056FEFB /* Sources */ = {
			isa = PBXSourcesBuildPhase;
			buildActionMask = 2147483647;
			files = (
				48F730882A9C16500056FEFB /* i_am_richUITestsLaunchTests.swift in Sources */,
				48F730862A9C16500056FEFB /* i_am_richUITests.swift in Sources */,
			);
			runOnlyForDeploymentPostprocessing = 0;
		};
/* End PBXSourcesBuildPhase section */

/* Begin PBXTargetDependency section */
		48F730792A9C16500056FEFB /* PBXTargetDependency */ = {
			isa = PBXTargetDependency;
			target = 48F730602A9C164F0056FEFB /* i am rich */;
			targetProxy = 48F730782A9C16500056FEFB /* PBXContainerItemProxy */;
		};
		48F730832A9C16500056FEFB /* PBXTargetDependency */ = {
			isa = PBXTargetDependency;
			target = 48F730602A9C164F0056FEFB /* i am rich */;
			targetProxy = 48F730822A9C16500056FEFB /* PBXContainerItemProxy */;
		};
/* End PBXTargetDependency section */

/* Begin PBXVariantGroup section */
		48F7306A2A9C164F0056FEFB /* Main.storyboard */ = {
			isa = PBXVariantGroup;
			children = (
				48F7306B2A9C164F0056FEFB /* Base */,
			);
			name = Main.storyboard;
			sourceTree = "<group>";
		};
		48F7306F2A9C16500056FEFB /* LaunchScreen.storyboard */ = {
			isa = PBXVariantGroup;
			children = (
				48F730702A9C16500056FEFB /* Base */,
			);
			name = LaunchScreen.storyboard;
			sourceTree = "<group>";
		};
/* End PBXVariantGroup section */

/* Begin XCBuildConfiguration section */
		48F730892A9C16500056FEFB /* Debug */ = {
			isa = XCBuildConfiguration;
			buildSettings = {
				ALWAYS_SEARCH_USER_PATHS = NO;
				CLANG_ANALYZER_NONNULL = YES;
				CLANG_ANALYZER_NUMBER_OBJECT_CONVERSION = YES_AGGRESSIVE;
				CLANG_CXX_LANGUAGE_STANDARD = "gnu++20";
				CLANG_ENABLE_MODULES = YES;
				CLANG_ENABLE_OBJC_ARC = YES;
				CLANG_ENABLE_OBJC_WEAK = YES;
				CLANG_WARN_BLOCK_CAPTURE_AUTORELEASING = YES;
				CLANG_WARN_BOOL_CONVERSION = YES;
				CLANG_WARN_COMMA = YES;
				CLANG_WARN_CONSTANT_CONVERSION = YES;
				CLANG_WARN_DEPRECATED_OBJC_IMPLEMENTATIONS = YES;
				CLANG_WARN_DIRECT_OBJC_ISA_USAGE = YES_ERROR;
				CLANG_WARN_DOCUMENTATION_COMMENTS = YES;
				CLANG_WARN_EMPTY_BODY = YES;
				CLANG_WARN_ENUM_CONVERSION = YES;
				CLANG_WARN_INFINITE_RECURSION = YES;
				CLANG_WARN_INT_CONVERSION = YES;
				CLANG_WARN_NON_LITERAL_NULL_CONVERSION = YES;
				CLANG_WARN_OBJC_IMPLICIT_RETAIN_SELF = YES;
				CLANG_WARN_OBJC_LITERAL_CONVERSION = YES;
				CLANG_WARN_OBJC_ROOT_CLASS = YES_ERROR;
				CLANG_WARN_QUOTED_INCLUDE_IN_FRAMEWORK_HEADER = YES;
				CLANG_WARN_RANGE_LOOP_ANALYSIS = YES;
				CLANG_WARN_STRICT_PROTOTYPES = YES;
				CLANG_WARN_SUSPICIOUS_MOVE = YES;
				CLANG_WARN_UNGUARDED_AVAILABILITY = YES_AGGRESSIVE;
				CLANG_WARN_UNREACHABLE_CODE = YES;
				CLANG_WARN__DUPLICATE_METHOD_MATCH = YES;
				COPY_PHASE_STRIP = NO;
				DEBUG_INFORMATION_FORMAT = dwarf;
				ENABLE_STRICT_OBJC_MSGSEND = YES;
				ENABLE_TESTABILITY = YES;
				GCC_C_LANGUAGE_STANDARD = gnu11;
				GCC_DYNAMIC_NO_PIC = NO;
				GCC_NO_COMMON_BLOCKS = YES;
				GCC_OPTIMIZATION_LEVEL = 0;
				GCC_PREPROCESSOR_DEFINITIONS = (
					"DEBUG=1",
					"$(inherited)",
				);
				GCC_WARN_64_TO_32_BIT_CONVERSION = YES;
				GCC_WARN_ABOUT_RETURN_TYPE = YES_ERROR;
				GCC_WARN_UNDECLARED_SELECTOR = YES;
				GCC_WARN_UNINITIALIZED_AUTOS = YES_AGGRESSIVE;
				GCC_WARN_UNUSED_FUNCTION = YES;
				GCC_WARN_UNUSED_VARIABLE = YES;
				IPHONEOS_DEPLOYMENT_TARGET = 13.0;
				MTL_ENABLE_DEBUG_INFO = INCLUDE_SOURCE;
				MTL_FAST_MATH = YES;
				ONLY_ACTIVE_ARCH = YES;
				SDKROOT = iphoneos;
				SWIFT_ACTIVE_COMPILATION_CONDITIONS = DEBUG;
				SWIFT_OPTIMIZATION_LEVEL = "-Onone";
			};
			name = Debug;
		};
		48F7308A2A9C16500056FEFB /* Release */ = {
			isa = XCBuildConfiguration;
			buildSettings = {
				ALWAYS_SEARCH_USER_PATHS = NO;
				CLANG_ANALYZER_NONNULL = YES;
				CLANG_ANALYZER_NUMBER_OBJECT_CONVERSION = YES_AGGRESSIVE;
				CLANG_CXX_LANGUAGE_STANDARD = "gnu++20";
				CLANG_ENABLE_MODULES = YES;
				CLANG_ENABLE_OBJC_ARC = YES;
				CLANG_ENABLE_OBJC_WEAK = YES;
				CLANG_WARN_BLOCK_CAPTURE_AUTORELEASING = YES;
				CLANG_WARN_BOOL_CONVERSION = YES;
				CLANG_WARN_COMMA = YES;
				CLANG_WARN_CONSTANT_CONVERSION = YES;
				CLANG_WARN_DEPRECATED_OBJC_IMPLEMENTATIONS = YES;
				CLANG_WARN_DIRECT_OBJC_ISA_USAGE = YES_ERROR;
				CLANG_WARN_DOCUMENTATION_COMMENTS = YES;
				CLANG_WARN_EMPTY_BODY = YES;
				CLANG_WARN_ENUM_CONVERSION = YES;
				CLANG_WARN_INFINITE_RECURSION = YES;
				CLANG_WARN_INT_CONVERSION = YES;
				CLANG_WARN_NON_LITERAL_NULL_CONVERSION = YES;
				CLANG_WARN_OBJC_IMPLICIT_RETAIN_SELF = YES;
				CLANG_WARN_OBJC_LITERAL_CONVERSION = YES;
				CLANG_WARN_OBJC_ROOT_CLASS = YES_ERROR;
				CLANG_WARN_QUOTED_INCLUDE_IN_FRAMEWORK_HEADER = YES;
				CLANG_WARN_RANGE_LOOP_ANALYSIS = YES;
				CLANG_WARN_STRICT_PROTOTYPES = YES;
				CLANG_WARN_SUSPICIOUS_MOVE = YES;
				CLANG_WARN_UNGUARDED_AVAILABILITY = YES_AGGRESSIVE;
				CLANG_WARN_UNREACHABLE_CODE = YES;
				CLANG_WARN__DUPLICATE_METHOD_MATCH = YES;
				COPY_PHASE_STRIP = NO;
				DEBUG_INFORMATION_FORMAT = "dwarf-with-dsym";
				ENABLE_NS_ASSERTIONS = NO;
				ENABLE_STRICT_OBJC_MSGSEND = YES;
				GCC_C_LANGUAGE_STANDARD = gnu11;
				GCC_NO_COMMON_BLOCKS = YES;
				GCC_WARN_64_TO_32_BIT_CONVERSION = YES;
				GCC_WARN_ABOUT_RETURN_TYPE = YES_ERROR;
				GCC_WARN_UNDECLARED_SELECTOR = YES;
				GCC_WARN_UNINITIALIZED_AUTOS = YES_AGGRESSIVE;
				GCC_WARN_UNUSED_FUNCTION = YES;
				GCC_WARN_UNUSED_VARIABLE = YES;
				IPHONEOS_DEPLOYMENT_TARGET = 13.0;
				MTL_ENABLE_DEBUG_INFO = NO;
				MTL_FAST_MATH = YES;
				SDKROOT = iphoneos;
				SWIFT_COMPILATION_MODE = wholemodule;
				SWIFT_OPTIMIZATION_LEVEL = "-O";
				VALIDATE_PRODUCT = YES;
			};
			name = Release;
		};
		48F7308C2A9C16500056FEFB /* Debug */ = {
			isa = XCBuildConfiguration;
			buildSettings = {
				ASSETCATALOG_COMPILER_APPICON_NAME = AppIcon;
				ASSETCATALOG_COMPILER_GLOBAL_ACCENT_COLOR_NAME = AccentColor;
				CODE_SIGN_STYLE = Automatic;
				CURRENT_PROJECT_VERSION = 1;
				DEVELOPMENT_TEAM = 4W8XF8ZAGR;
				GENERATE_INFOPLIST_FILE = YES;
				INFOPLIST_FILE = "i am rich/Info.plist";
				INFOPLIST_KEY_UIApplicationSupportsIndirectInputEvents = YES;
				INFOPLIST_KEY_UILaunchStoryboardName = LaunchScreen;
				INFOPLIST_KEY_UIMainStoryboardFile = Main;
				INFOPLIST_KEY_UISupportedInterfaceOrientations = "UIInterfaceOrientationLandscapeLeft UIInterfaceOrientationLandscapeRight UIInterfaceOrientationPortrait UIInterfaceOrientationPortraitUpsideDown";
				LD_RUNPATH_SEARCH_PATHS = (
					"$(inherited)",
					"@executable_path/Frameworks",
				);
				MARKETING_VERSION = 1.0;
				PRODUCT_BUNDLE_IDENTIFIER = "info.louispelosi.i-am-rich";
				PRODUCT_NAME = "$(TARGET_NAME)";
				SWIFT_EMIT_LOC_STRINGS = YES;
				SWIFT_VERSION = 5.0;
				TARGETED_DEVICE_FAMILY = "1,2";
			};
			name = Debug;
		};
		48F7308D2A9C16500056FEFB /* Release */ = {
			isa = XCBuildConfiguration;
			buildSettings = {
				ASSETCATALOG_COMPILER_APPICON_NAME = AppIcon;
				ASSETCATALOG_COMPILER_GLOBAL_ACCENT_COLOR_NAME = AccentColor;
				CODE_SIGN_STYLE = Automatic;
				CURRENT_PROJECT_VERSION = 1;
				DEVELOPMENT_TEAM = 4W8XF8ZAGR;
				GENERATE_INFOPLIST_FILE = YES;
				INFOPLIST_FILE = "i am rich/Info.plist";
				INFOPLIST_KEY_UIApplicationSupportsIndirectInputEvents = YES;
				INFOPLIST_KEY_UILaunchStoryboardName = LaunchScreen;
				INFOPLIST_KEY_UIMainStoryboardFile = Main;
				INFOPLIST_KEY_UISupportedInterfaceOrientations = "UIInterfaceOrientationLandscapeLeft UIInterfaceOrientationLandscapeRight UIInterfaceOrientationPortrait UIInterfaceOrientationPortraitUpsideDown";
				LD_RUNPATH_SEARCH_PATHS = (
					"$(inherited)",
					"@executable_path/Frameworks",
				);
				MARKETING_VERSION = 1.0;
				PRODUCT_BUNDLE_IDENTIFIER = "info.louispelosi.i-am-rich";
				PRODUCT_NAME = "$(TARGET_NAME)";
				SWIFT_EMIT_LOC_STRINGS = YES;
				SWIFT_VERSION = 5.0;
				TARGETED_DEVICE_FAMILY = "1,2";
			};
			name = Release;
		};
		48F7308F2A9C16500056FEFB /* Debug */ = {
			isa = XCBuildConfiguration;
			buildSettings = {
				ALWAYS_EMBED_SWIFT_STANDARD_LIBRARIES = YES;
				BUNDLE_LOADER = "$(TEST_HOST)";
				CODE_SIGN_STYLE = Automatic;
				CURRENT_PROJECT_VERSION = 1;
				DEVELOPMENT_TEAM = 4W8XF8ZAGR;
				GENERATE_INFOPLIST_FILE = YES;
				IPHONEOS_DEPLOYMENT_TARGET = 16.2;
				MARKETING_VERSION = 1.0;
				PRODUCT_BUNDLE_IDENTIFIER = "info.louispelosi.i-am-richTests";
				PRODUCT_NAME = "$(TARGET_NAME)";
				SWIFT_EMIT_LOC_STRINGS = NO;
				SWIFT_VERSION = 5.0;
				TARGETED_DEVICE_FAMILY = "1,2";
				TEST_HOST = "$(BUILT_PRODUCTS_DIR)/i am rich.app/$(BUNDLE_EXECUTABLE_FOLDER_PATH)/i am rich";
			};
			name = Debug;
		};
		48F730902A9C16500056FEFB /* Release */ = {
			isa = XCBuildConfiguration;
			buildSettings = {
				ALWAYS_EMBED_SWIFT_STANDARD_LIBRARIES = YES;
				BUNDLE_LOADER = "$(TEST_HOST)";
				CODE_SIGN_STYLE = Automatic;
				CURRENT_PROJECT_VERSION = 1;
				DEVELOPMENT_TEAM = 4W8XF8ZAGR;
				GENERATE_INFOPLIST_FILE = YES;
				IPHONEOS_DEPLOYMENT_TARGET = 16.2;
				MARKETING_VERSION = 1.0;
				PRODUCT_BUNDLE_IDENTIFIER = "info.louispelosi.i-am-richTests";
				PRODUCT_NAME = "$(TARGET_NAME)";
				SWIFT_EMIT_LOC_STRINGS = NO;
				SWIFT_VERSION = 5.0;
				TARGETED_DEVICE_FAMILY = "1,2";
				TEST_HOST = "$(BUILT_PRODUCTS_DIR)/i am rich.app/$(BUNDLE_EXECUTABLE_FOLDER_PATH)/i am rich";
			};
			name = Release;
		};
		48F730922A9C16500056FEFB /* Debug */ = {
			isa = XCBuildConfiguration;
			buildSettings = {
				ALWAYS_EMBED_SWIFT_STANDARD_LIBRARIES = YES;
				CODE_SIGN_STYLE = Automatic;
				CURRENT_PROJECT_VERSION = 1;
				DEVELOPMENT_TEAM = 4W8XF8ZAGR;
				GENERATE_INFOPLIST_FILE = YES;
				MARKETING_VERSION = 1.0;
				PRODUCT_BUNDLE_IDENTIFIER = "info.louispelosi.i-am-richUITests";
				PRODUCT_NAME = "$(TARGET_NAME)";
				SWIFT_EMIT_LOC_STRINGS = NO;
				SWIFT_VERSION = 5.0;
				TARGETED_DEVICE_FAMILY = "1,2";
				TEST_TARGET_NAME = "i am rich";
			};
			name = Debug;
		};
		48F730932A9C16500056FEFB /* Release */ = {
			isa = XCBuildConfiguration;
			buildSettings = {
				ALWAYS_EMBED_SWIFT_STANDARD_LIBRARIES = YES;
				CODE_SIGN_STYLE = Automatic;
				CURRENT_PROJECT_VERSION = 1;
				DEVELOPMENT_TEAM = 4W8XF8ZAGR;
				GENERATE_INFOPLIST_FILE = YES;
				MARKETING_VERSION = 1.0;
				PRODUCT_BUNDLE_IDENTIFIER = "info.louispelosi.i-am-richUITests";
				PRODUCT_NAME = "$(TARGET_NAME)";
				SWIFT_EMIT_LOC_STRINGS = NO;
				SWIFT_VERSION = 5.0;
				TARGETED_DEVICE_FAMILY = "1,2";
				TEST_TARGET_NAME = "i am rich";
			};
			name = Release;
		};
/* End XCBuildConfiguration section */

/* Begin XCConfigurationList section */
		48F7305C2A9C164F0056FEFB /* Build configuration list for PBXProject "i am rich" */ = {
			isa = XCConfigurationList;
			buildConfigurations = (
				48F730892A9C16500056FEFB /* Debug */,
				48F7308A2A9C16500056FEFB /* Release */,
			);
			defaultConfigurationIsVisible = 0;
			defaultConfigurationName = Release;
		};
		48F7308B2A9C16500056FEFB /* Build configuration list for PBXNativeTarget "i am rich" */ = {
			isa = XCConfigurationList;
			buildConfigurations = (
				48F7308C2A9C16500056FEFB /* Debug */,
				48F7308D2A9C16500056FEFB /* Release */,
			);
			defaultConfigurationIsVisible = 0;
			defaultConfigurationName = Release;
		};
		48F7308E2A9C16500056FEFB /* Build configuration list for PBXNativeTarget "i am richTests" */ = {
			isa = XCConfigurationList;
			buildConfigurations = (
				48F7308F2A9C16500056FEFB /* Debug */,
				48F730902A9C16500056FEFB /* Release */,
			);
			defaultConfigurationIsVisible = 0;
			defaultConfigurationName = Release;
		};
		48F730912A9C16500056FEFB /* Build configuration list for PBXNativeTarget "i am richUITests" */ = {
			isa = XCConfigurationList;
			buildConfigurations = (
				48F730922A9C16500056FEFB /* Debug */,
				48F730932A9C16500056FEFB /* Release */,
			);
			defaultConfigurationIsVisible = 0;
			defaultConfigurationName = Release;
		};
/* End XCConfigurationList section */
	};
	rootObject = 48F730592A9C164F0056FEFB /* Project object */;
}
