// !$*UTF8*$!
{
	archiveVersion = 1;
	classes = {
	};
	objectVersion = 56;
	objects = {

/* Begin PBXBuildFile section */
		48F730A12A9D31A20056FEFB /* AppDelegate.swift in Sources */ = {isa = PBXBuildFile; fileRef = 48F730A02A9D31A20056FEFB /* AppDelegate.swift */; };
		48F730A32A9D31A20056FEFB /* SceneDelegate.swift in Sources */ = {isa = PBXBuildFile; fileRef = 48F730A22A9D31A20056FEFB /* SceneDelegate.swift */; };
		48F730A52A9D31A20056FEFB /* ViewController.swift in Sources */ = {isa = PBXBuildFile; fileRef = 48F730A42A9D31A20056FEFB /* ViewController.swift */; };
		48F730A82A9D31A20056FEFB /* Main.storyboard in Resources */ = {isa = PBXBuildFile; fileRef = 48F730A62A9D31A20056FEFB /* Main.storyboard */; };
		48F730AA2A9D31A40056FEFB /* Assets.xcassets in Resources */ = {isa = PBXBuildFile; fileRef = 48F730A92A9D31A40056FEFB /* Assets.xcassets */; };
		48F730AD2A9D31A40056FEFB /* LaunchScreen.storyboard in Resources */ = {isa = PBXBuildFile; fileRef = 48F730AB2A9D31A40056FEFB /* LaunchScreen.storyboard */; };
		48F730B82A9D31A40056FEFB /* i_am_poorTests.swift in Sources */ = {isa = PBXBuildFile; fileRef = 48F730B72A9D31A40056FEFB /* i_am_poorTests.swift */; };
		48F730C22A9D31A40056FEFB /* i_am_poorUITests.swift in Sources */ = {isa = PBXBuildFile; fileRef = 48F730C12A9D31A40056FEFB /* i_am_poorUITests.swift */; };
		48F730C42A9D31A40056FEFB /* i_am_poorUITestsLaunchTests.swift in Sources */ = {isa = PBXBuildFile; fileRef = 48F730C32A9D31A40056FEFB /* i_am_poorUITestsLaunchTests.swift */; };
/* End PBXBuildFile section */

/* Begin PBXContainerItemProxy section */
		48F730B42A9D31A40056FEFB /* PBXContainerItemProxy */ = {
			isa = PBXContainerItemProxy;
			containerPortal = 48F730952A9D31A20056FEFB /* Project object */;
			proxyType = 1;
			remoteGlobalIDString = 48F7309C2A9D31A20056FEFB;
			remoteInfo = "i am poor";
		};
		48F730BE2A9D31A40056FEFB /* PBXContainerItemProxy */ = {
			isa = PBXContainerItemProxy;
			containerPortal = 48F730952A9D31A20056FEFB /* Project object */;
			proxyType = 1;
			remoteGlobalIDString = 48F7309C2A9D31A20056FEFB;
			remoteInfo = "i am poor";
		};
/* End PBXContainerItemProxy section */

/* Begin PBXFileReference section */
		48F7309D2A9D31A20056FEFB /* i am poor.app */ = {isa = PBXFileReference; explicitFileType = wrapper.application; includeInIndex = 0; path = "i am poor.app"; sourceTree = BUILT_PRODUCTS_DIR; };
		48F730A02A9D31A20056FEFB /* AppDelegate.swift */ = {isa = PBXFileReference; lastKnownFileType = sourcecode.swift; path = AppDelegate.swift; sourceTree = "<group>"; };
		48F730A22A9D31A20056FEFB /* SceneDelegate.swift */ = {isa = PBXFileReference; lastKnownFileType = sourcecode.swift; path = SceneDelegate.swift; sourceTree = "<group>"; };
		48F730A42A9D31A20056FEFB /* ViewController.swift */ = {isa = PBXFileReference; lastKnownFileType = sourcecode.swift; path = ViewController.swift; sourceTree = "<group>"; };
		48F730A72A9D31A20056FEFB /* Base */ = {isa = PBXFileReference; lastKnownFileType = file.storyboard; name = Base; path = Base.lproj/Main.storyboard; sourceTree = "<group>"; };
		48F730A92A9D31A40056FEFB /* Assets.xcassets */ = {isa = PBXFileReference; lastKnownFileType = folder.assetcatalog; path = Assets.xcassets; sourceTree = "<group>"; };
		48F730AC2A9D31A40056FEFB /* Base */ = {isa = PBXFileReference; lastKnownFileType = file.storyboard; name = Base; path = Base.lproj/LaunchScreen.storyboard; sourceTree = "<group>"; };
		48F730AE2A9D31A40056FEFB /* Info.plist */ = {isa = PBXFileReference; lastKnownFileType = text.plist.xml; path = Info.plist; sourceTree = "<group>"; };
		48F730B32A9D31A40056FEFB /* i am poorTests.xctest */ = {isa = PBXFileReference; explicitFileType = wrapper.cfbundle; includeInIndex = 0; path = "i am poorTests.xctest"; sourceTree = BUILT_PRODUCTS_DIR; };
		48F730B72A9D31A40056FEFB /* i_am_poorTests.swift */ = {isa = PBXFileReference; lastKnownFileType = sourcecode.swift; path = i_am_poorTests.swift; sourceTree = "<group>"; };
		48F730BD2A9D31A40056FEFB /* i am poorUITests.xctest */ = {isa = PBXFileReference; explicitFileType = wrapper.cfbundle; includeInIndex = 0; path = "i am poorUITests.xctest"; sourceTree = BUILT_PRODUCTS_DIR; };
		48F730C12A9D31A40056FEFB /* i_am_poorUITests.swift */ = {isa = PBXFileReference; lastKnownFileType = sourcecode.swift; path = i_am_poorUITests.swift; sourceTree = "<group>"; };
		48F730C32A9D31A40056FEFB /* i_am_poorUITestsLaunchTests.swift */ = {isa = PBXFileReference; lastKnownFileType = sourcecode.swift; path = i_am_poorUITestsLaunchTests.swift; sourceTree = "<group>"; };
/* End PBXFileReference section */

/* Begin PBXFrameworksBuildPhase section */
		48F7309A2A9D31A20056FEFB /* Frameworks */ = {
			isa = PBXFrameworksBuildPhase;
			buildActionMask = 2147483647;
			files = (
			);
			runOnlyForDeploymentPostprocessing = 0;
		};
		48F730B02A9D31A40056FEFB /* Frameworks */ = {
			isa = PBXFrameworksBuildPhase;
			buildActionMask = 2147483647;
			files = (
			);
			runOnlyForDeploymentPostprocessing = 0;
		};
		48F730BA2A9D31A40056FEFB /* Frameworks */ = {
			isa = PBXFrameworksBuildPhase;
			buildActionMask = 2147483647;
			files = (
			);
			runOnlyForDeploymentPostprocessing = 0;
		};
/* End PBXFrameworksBuildPhase section */

/* Begin PBXGroup section */
		48F730942A9D31A20056FEFB = {
			isa = PBXGroup;
			children = (
				48F7309F2A9D31A20056FEFB /* i am poor */,
				48F730B62A9D31A40056FEFB /* i am poorTests */,
				48F730C02A9D31A40056FEFB /* i am poorUITests */,
				48F7309E2A9D31A20056FEFB /* Products */,
			);
			sourceTree = "<group>";
		};
		48F7309E2A9D31A20056FEFB /* Products */ = {
			isa = PBXGroup;
			children = (
				48F7309D2A9D31A20056FEFB /* i am poor.app */,
				48F730B32A9D31A40056FEFB /* i am poorTests.xctest */,
				48F730BD2A9D31A40056FEFB /* i am poorUITests.xctest */,
			);
			name = Products;
			sourceTree = "<group>";
		};
		48F7309F2A9D31A20056FEFB /* i am poor */ = {
			isa = PBXGroup;
			children = (
				48F730A02A9D31A20056FEFB /* AppDelegate.swift */,
				48F730A22A9D31A20056FEFB /* SceneDelegate.swift */,
				48F730A42A9D31A20056FEFB /* ViewController.swift */,
				48F730A62A9D31A20056FEFB /* Main.storyboard */,
				48F730A92A9D31A40056FEFB /* Assets.xcassets */,
				48F730AB2A9D31A40056FEFB /* LaunchScreen.storyboard */,
				48F730AE2A9D31A40056FEFB /* Info.plist */,
			);
			path = "i am poor";
			sourceTree = "<group>";
		};
		48F730B62A9D31A40056FEFB /* i am poorTests */ = {
			isa = PBXGroup;
			children = (
				48F730B72A9D31A40056FEFB /* i_am_poorTests.swift */,
			);
			path = "i am poorTests";
			sourceTree = "<group>";
		};
		48F730C02A9D31A40056FEFB /* i am poorUITests */ = {
			isa = PBXGroup;
			children = (
				48F730C12A9D31A40056FEFB /* i_am_poorUITests.swift */,
				48F730C32A9D31A40056FEFB /* i_am_poorUITestsLaunchTests.swift */,
			);
			path = "i am poorUITests";
			sourceTree = "<group>";
		};
/* End PBXGroup section */

/* Begin PBXNativeTarget section */
		48F7309C2A9D31A20056FEFB /* i am poor */ = {
			isa = PBXNativeTarget;
			buildConfigurationList = 48F730C72A9D31A40056FEFB /* Build configuration list for PBXNativeTarget "i am poor" */;
			buildPhases = (
				48F730992A9D31A20056FEFB /* Sources */,
				48F7309A2A9D31A20056FEFB /* Frameworks */,
				48F7309B2A9D31A20056FEFB /* Resources */,
			);
			buildRules = (
			);
			dependencies = (
			);
			name = "i am poor";
			productName = "i am poor";
			productReference = 48F7309D2A9D31A20056FEFB /* i am poor.app */;
			productType = "com.apple.product-type.application";
		};
		48F730B22A9D31A40056FEFB /* i am poorTests */ = {
			isa = PBXNativeTarget;
			buildConfigurationList = 48F730CA2A9D31A40056FEFB /* Build configuration list for PBXNativeTarget "i am poorTests" */;
			buildPhases = (
				48F730AF2A9D31A40056FEFB /* Sources */,
				48F730B02A9D31A40056FEFB /* Frameworks */,
				48F730B12A9D31A40056FEFB /* Resources */,
			);
			buildRules = (
			);
			dependencies = (
				48F730B52A9D31A40056FEFB /* PBXTargetDependency */,
			);
			name = "i am poorTests";
			productName = "i am poorTests";
			productReference = 48F730B32A9D31A40056FEFB /* i am poorTests.xctest */;
			productType = "com.apple.product-type.bundle.unit-test";
		};
		48F730BC2A9D31A40056FEFB /* i am poorUITests */ = {
			isa = PBXNativeTarget;
			buildConfigurationList = 48F730CD2A9D31A40056FEFB /* Build configuration list for PBXNativeTarget "i am poorUITests" */;
			buildPhases = (
				48F730B92A9D31A40056FEFB /* Sources */,
				48F730BA2A9D31A40056FEFB /* Frameworks */,
				48F730BB2A9D31A40056FEFB /* Resources */,
			);
			buildRules = (
			);
			dependencies = (
				48F730BF2A9D31A40056FEFB /* PBXTargetDependency */,
			);
			name = "i am poorUITests";
			productName = "i am poorUITests";
			productReference = 48F730BD2A9D31A40056FEFB /* i am poorUITests.xctest */;
			productType = "com.apple.product-type.bundle.ui-testing";
		};
/* End PBXNativeTarget section */

/* Begin PBXProject section */
		48F730952A9D31A20056FEFB /* Project object */ = {
			isa = PBXProject;
			attributes = {
				BuildIndependentTargetsInParallel = 1;
				LastSwiftUpdateCheck = 1420;
				LastUpgradeCheck = 1420;
				TargetAttributes = {
					48F7309C2A9D31A20056FEFB = {
						CreatedOnToolsVersion = 14.2;
					};
					48F730B22A9D31A40056FEFB = {
						CreatedOnToolsVersion = 14.2;
						TestTargetID = 48F7309C2A9D31A20056FEFB;
					};
					48F730BC2A9D31A40056FEFB = {
						CreatedOnToolsVersion = 14.2;
						TestTargetID = 48F7309C2A9D31A20056FEFB;
					};
				};
			};
			buildConfigurationList = 48F730982A9D31A20056FEFB /* Build configuration list for PBXProject "i am poor" */;
			compatibilityVersion = "Xcode 14.0";
			developmentRegion = en;
			hasScannedForEncodings = 0;
			knownRegions = (
				en,
				Base,
			);
			mainGroup = 48F730942A9D31A20056FEFB;
			productRefGroup = 48F7309E2A9D31A20056FEFB /* Products */;
			projectDirPath = "";
			projectRoot = "";
			targets = (
				48F7309C2A9D31A20056FEFB /* i am poor */,
				48F730B22A9D31A40056FEFB /* i am poorTests */,
				48F730BC2A9D31A40056FEFB /* i am poorUITests */,
			);
		};
/* End PBXProject section */

/* Begin PBXResourcesBuildPhase section */
		48F7309B2A9D31A20056FEFB /* Resources */ = {
			isa = PBXResourcesBuildPhase;
			buildActionMask = 2147483647;
			files = (
				48F730AD2A9D31A40056FEFB /* LaunchScreen.storyboard in Resources */,
				48F730AA2A9D31A40056FEFB /* Assets.xcassets in Resources */,
				48F730A82A9D31A20056FEFB /* Main.storyboard in Resources */,
			);
			runOnlyForDeploymentPostprocessing = 0;
		};
		48F730B12A9D31A40056FEFB /* Resources */ = {
			isa = PBXResourcesBuildPhase;
			buildActionMask = 2147483647;
			files = (
			);
			runOnlyForDeploymentPostprocessing = 0;
		};
		48F730BB2A9D31A40056FEFB /* Resources */ = {
			isa = PBXResourcesBuildPhase;
			buildActionMask = 2147483647;
			files = (
			);
			runOnlyForDeploymentPostprocessing = 0;
		};
/* End PBXResourcesBuildPhase section */

/* Begin PBXSourcesBuildPhase section */
		48F730992A9D31A20056FEFB /* Sources */ = {
			isa = PBXSourcesBuildPhase;
			buildActionMask = 2147483647;
			files = (
				48F730A52A9D31A20056FEFB /* ViewController.swift in Sources */,
				48F730A12A9D31A20056FEFB /* AppDelegate.swift in Sources */,
				48F730A32A9D31A20056FEFB /* SceneDelegate.swift in Sources */,
			);
			runOnlyForDeploymentPostprocessing = 0;
		};
		48F730AF2A9D31A40056FEFB /* Sources */ = {
			isa = PBXSourcesBuildPhase;
			buildActionMask = 2147483647;
			files = (
				48F730B82A9D31A40056FEFB /* i_am_poorTests.swift in Sources */,
			);
			runOnlyForDeploymentPostprocessing = 0;
		};
		48F730B92A9D31A40056FEFB /* Sources */ = {
			isa = PBXSourcesBuildPhase;
			buildActionMask = 2147483647;
			files = (
				48F730C42A9D31A40056FEFB /* i_am_poorUITestsLaunchTests.swift in Sources */,
				48F730C22A9D31A40056FEFB /* i_am_poorUITests.swift in Sources */,
			);
			runOnlyForDeploymentPostprocessing = 0;
		};
/* End PBXSourcesBuildPhase section */

/* Begin PBXTargetDependency section */
		48F730B52A9D31A40056FEFB /* PBXTargetDependency */ = {
			isa = PBXTargetDependency;
			target = 48F7309C2A9D31A20056FEFB /* i am poor */;
			targetProxy = 48F730B42A9D31A40056FEFB /* PBXContainerItemProxy */;
		};
		48F730BF2A9D31A40056FEFB /* PBXTargetDependency */ = {
			isa = PBXTargetDependency;
			target = 48F7309C2A9D31A20056FEFB /* i am poor */;
			targetProxy = 48F730BE2A9D31A40056FEFB /* PBXContainerItemProxy */;
		};
/* End PBXTargetDependency section */

/* Begin PBXVariantGroup section */
		48F730A62A9D31A20056FEFB /* Main.storyboard */ = {
			isa = PBXVariantGroup;
			children = (
				48F730A72A9D31A20056FEFB /* Base */,
			);
			name = Main.storyboard;
			sourceTree = "<group>";
		};
		48F730AB2A9D31A40056FEFB /* LaunchScreen.storyboard */ = {
			isa = PBXVariantGroup;
			children = (
				48F730AC2A9D31A40056FEFB /* Base */,
			);
			name = LaunchScreen.storyboard;
			sourceTree = "<group>";
		};
/* End PBXVariantGroup section */

/* Begin XCBuildConfiguration section */
		48F730C52A9D31A40056FEFB /* Debug */ = {
			isa = XCBuildConfiguration;
			buildSettings = {
				ALWAYS_SEARCH_USER_PATHS = NO;
				CLANG_ANALYZER_NONNULL = YES;
				CLANG_ANALYZER_NUMBER_OBJECT_CONVERSION = YES_AGGRESSIVE;
				CLANG_CXX_LANGUAGE_STANDARD = "gnu++20";
				CLANG_ENABLE_MODULES = YES;
				CLANG_ENABLE_OBJC_ARC = YES;
				CLANG_ENABLE_OBJC_WEAK = YES;
				CLANG_WARN_BLOCK_CAPTURE_AUTORELEASING = YES;
				CLANG_WARN_BOOL_CONVERSION = YES;
				CLANG_WARN_COMMA = YES;
				CLANG_WARN_CONSTANT_CONVERSION = YES;
				CLANG_WARN_DEPRECATED_OBJC_IMPLEMENTATIONS = YES;
				CLANG_WARN_DIRECT_OBJC_ISA_USAGE = YES_ERROR;
				CLANG_WARN_DOCUMENTATION_COMMENTS = YES;
				CLANG_WARN_EMPTY_BODY = YES;
				CLANG_WARN_ENUM_CONVERSION = YES;
				CLANG_WARN_INFINITE_RECURSION = YES;
				CLANG_WARN_INT_CONVERSION = YES;
				CLANG_WARN_NON_LITERAL_NULL_CONVERSION = YES;
				CLANG_WARN_OBJC_IMPLICIT_RETAIN_SELF = YES;
				CLANG_WARN_OBJC_LITERAL_CONVERSION = YES;
				CLANG_WARN_OBJC_ROOT_CLASS = YES_ERROR;
				CLANG_WARN_QUOTED_INCLUDE_IN_FRAMEWORK_HEADER = YES;
				CLANG_WARN_RANGE_LOOP_ANALYSIS = YES;
				CLANG_WARN_STRICT_PROTOTYPES = YES;
				CLANG_WARN_SUSPICIOUS_MOVE = YES;
				CLANG_WARN_UNGUARDED_AVAILABILITY = YES_AGGRESSIVE;
				CLANG_WARN_UNREACHABLE_CODE = YES;
				CLANG_WARN__DUPLICATE_METHOD_MATCH = YES;
				COPY_PHASE_STRIP = NO;
				DEBUG_INFORMATION_FORMAT = dwarf;
				ENABLE_STRICT_OBJC_MSGSEND = YES;
				ENABLE_TESTABILITY = YES;
				GCC_C_LANGUAGE_STANDARD = gnu11;
				GCC_DYNAMIC_NO_PIC = NO;
				GCC_NO_COMMON_BLOCKS = YES;
				GCC_OPTIMIZATION_LEVEL = 0;
				GCC_PREPROCESSOR_DEFINITIONS = (
					"DEBUG=1",
					"$(inherited)",
				);
				GCC_WARN_64_TO_32_BIT_CONVERSION = YES;
				GCC_WARN_ABOUT_RETURN_TYPE = YES_ERROR;
				GCC_WARN_UNDECLARED_SELECTOR = YES;
				GCC_WARN_UNINITIALIZED_AUTOS = YES_AGGRESSIVE;
				GCC_WARN_UNUSED_FUNCTION = YES;
				GCC_WARN_UNUSED_VARIABLE = YES;
				IPHONEOS_DEPLOYMENT_TARGET = 16.2;
				MTL_ENABLE_DEBUG_INFO = INCLUDE_SOURCE;
				MTL_FAST_MATH = YES;
				ONLY_ACTIVE_ARCH = YES;
				SDKROOT = iphoneos;
				SWIFT_ACTIVE_COMPILATION_CONDITIONS = DEBUG;
				SWIFT_OPTIMIZATION_LEVEL = "-Onone";
			};
			name = Debug;
		};
		48F730C62A9D31A40056FEFB /* Release */ = {
			isa = XCBuildConfiguration;
			buildSettings = {
				ALWAYS_SEARCH_USER_PATHS = NO;
				CLANG_ANALYZER_NONNULL = YES;
				CLANG_ANALYZER_NUMBER_OBJECT_CONVERSION = YES_AGGRESSIVE;
				CLANG_CXX_LANGUAGE_STANDARD = "gnu++20";
				CLANG_ENABLE_MODULES = YES;
				CLANG_ENABLE_OBJC_ARC = YES;
				CLANG_ENABLE_OBJC_WEAK = YES;
				CLANG_WARN_BLOCK_CAPTURE_AUTORELEASING = YES;
				CLANG_WARN_BOOL_CONVERSION = YES;
				CLANG_WARN_COMMA = YES;
				CLANG_WARN_CONSTANT_CONVERSION = YES;
				CLANG_WARN_DEPRECATED_OBJC_IMPLEMENTATIONS = YES;
				CLANG_WARN_DIRECT_OBJC_ISA_USAGE = YES_ERROR;
				CLANG_WARN_DOCUMENTATION_COMMENTS = YES;
				CLANG_WARN_EMPTY_BODY = YES;
				CLANG_WARN_ENUM_CONVERSION = YES;
				CLANG_WARN_INFINITE_RECURSION = YES;
				CLANG_WARN_INT_CONVERSION = YES;
				CLANG_WARN_NON_LITERAL_NULL_CONVERSION = YES;
				CLANG_WARN_OBJC_IMPLICIT_RETAIN_SELF = YES;
				CLANG_WARN_OBJC_LITERAL_CONVERSION = YES;
				CLANG_WARN_OBJC_ROOT_CLASS = YES_ERROR;
				CLANG_WARN_QUOTED_INCLUDE_IN_FRAMEWORK_HEADER = YES;
				CLANG_WARN_RANGE_LOOP_ANALYSIS = YES;
				CLANG_WARN_STRICT_PROTOTYPES = YES;
				CLANG_WARN_SUSPICIOUS_MOVE = YES;
				CLANG_WARN_UNGUARDED_AVAILABILITY = YES_AGGRESSIVE;
				CLANG_WARN_UNREACHABLE_CODE = YES;
				CLANG_WARN__DUPLICATE_METHOD_MATCH = YES;
				COPY_PHASE_STRIP = NO;
				DEBUG_INFORMATION_FORMAT = "dwarf-with-dsym";
				ENABLE_NS_ASSERTIONS = NO;
				ENABLE_STRICT_OBJC_MSGSEND = YES;
				GCC_C_LANGUAGE_STANDARD = gnu11;
				GCC_NO_COMMON_BLOCKS = YES;
				GCC_WARN_64_TO_32_BIT_CONVERSION = YES;
				GCC_WARN_ABOUT_RETURN_TYPE = YES_ERROR;
				GCC_WARN_UNDECLARED_SELECTOR = YES;
				GCC_WARN_UNINITIALIZED_AUTOS = YES_AGGRESSIVE;
				GCC_WARN_UNUSED_FUNCTION = YES;
				GCC_WARN_UNUSED_VARIABLE = YES;
				IPHONEOS_DEPLOYMENT_TARGET = 16.2;
				MTL_ENABLE_DEBUG_INFO = NO;
				MTL_FAST_MATH = YES;
				SDKROOT = iphoneos;
				SWIFT_COMPILATION_MODE = wholemodule;
				SWIFT_OPTIMIZATION_LEVEL = "-O";
				VALIDATE_PRODUCT = YES;
			};
			name = Release;
		};
		48F730C82A9D31A40056FEFB /* Debug */ = {
			isa = XCBuildConfiguration;
			buildSettings = {
				ASSETCATALOG_COMPILER_APPICON_NAME = AppIcon;
				ASSETCATALOG_COMPILER_GLOBAL_ACCENT_COLOR_NAME = AccentColor;
				CODE_SIGN_STYLE = Automatic;
				CURRENT_PROJECT_VERSION = 1;
				DEVELOPMENT_TEAM = 4W8XF8ZAGR;
				GENERATE_INFOPLIST_FILE = YES;
				INFOPLIST_FILE = "i am poor/Info.plist";
				INFOPLIST_KEY_UIApplicationSupportsIndirectInputEvents = YES;
				INFOPLIST_KEY_UILaunchStoryboardName = LaunchScreen;
				INFOPLIST_KEY_UIMainStoryboardFile = Main;
				INFOPLIST_KEY_UISupportedInterfaceOrientations_iPad = "UIInterfaceOrientationPortrait UIInterfaceOrientationPortraitUpsideDown UIInterfaceOrientationLandscapeLeft UIInterfaceOrientationLandscapeRight";
				INFOPLIST_KEY_UISupportedInterfaceOrientations_iPhone = "UIInterfaceOrientationPortrait UIInterfaceOrientationLandscapeLeft UIInterfaceOrientationLandscapeRight";
				LD_RUNPATH_SEARCH_PATHS = (
					"$(inherited)",
					"@executable_path/Frameworks",
				);
				MARKETING_VERSION = 1.0;
				PRODUCT_BUNDLE_IDENTIFIER = "info.louispelosi.i-am-poor";
				PRODUCT_NAME = "$(TARGET_NAME)";
				SWIFT_EMIT_LOC_STRINGS = YES;
				SWIFT_VERSION = 5.0;
				TARGETED_DEVICE_FAMILY = "1,2";
			};
			name = Debug;
		};
		48F730C92A9D31A40056FEFB /* Release */ = {
			isa = XCBuildConfiguration;
			buildSettings = {
				ASSETCATALOG_COMPILER_APPICON_NAME = AppIcon;
				ASSETCATALOG_COMPILER_GLOBAL_ACCENT_COLOR_NAME = AccentColor;
				CODE_SIGN_STYLE = Automatic;
				CURRENT_PROJECT_VERSION = 1;
				DEVELOPMENT_TEAM = 4W8XF8ZAGR;
				GENERATE_INFOPLIST_FILE = YES;
				INFOPLIST_FILE = "i am poor/Info.plist";
				INFOPLIST_KEY_UIApplicationSupportsIndirectInputEvents = YES;
				INFOPLIST_KEY_UILaunchStoryboardName = LaunchScreen;
				INFOPLIST_KEY_UIMainStoryboardFile = Main;
				INFOPLIST_KEY_UISupportedInterfaceOrientations_iPad = "UIInterfaceOrientationPortrait UIInterfaceOrientationPortraitUpsideDown UIInterfaceOrientationLandscapeLeft UIInterfaceOrientationLandscapeRight";
				INFOPLIST_KEY_UISupportedInterfaceOrientations_iPhone = "UIInterfaceOrientationPortrait UIInterfaceOrientationLandscapeLeft UIInterfaceOrientationLandscapeRight";
				LD_RUNPATH_SEARCH_PATHS = (
					"$(inherited)",
					"@executable_path/Frameworks",
				);
				MARKETING_VERSION = 1.0;
				PRODUCT_BUNDLE_IDENTIFIER = "info.louispelosi.i-am-poor";
				PRODUCT_NAME = "$(TARGET_NAME)";
				SWIFT_EMIT_LOC_STRINGS = YES;
				SWIFT_VERSION = 5.0;
				TARGETED_DEVICE_FAMILY = "1,2";
			};
			name = Release;
		};
		48F730CB2A9D31A40056FEFB /* Debug */ = {
			isa = XCBuildConfiguration;
			buildSettings = {
				ALWAYS_EMBED_SWIFT_STANDARD_LIBRARIES = YES;
				BUNDLE_LOADER = "$(TEST_HOST)";
				CODE_SIGN_STYLE = Automatic;
				CURRENT_PROJECT_VERSION = 1;
				DEVELOPMENT_TEAM = 4W8XF8ZAGR;
				GENERATE_INFOPLIST_FILE = YES;
				IPHONEOS_DEPLOYMENT_TARGET = 16.2;
				MARKETING_VERSION = 1.0;
				PRODUCT_BUNDLE_IDENTIFIER = "info.louispelosi.i-am-poorTests";
				PRODUCT_NAME = "$(TARGET_NAME)";
				SWIFT_EMIT_LOC_STRINGS = NO;
				SWIFT_VERSION = 5.0;
				TARGETED_DEVICE_FAMILY = "1,2";
				TEST_HOST = "$(BUILT_PRODUCTS_DIR)/i am poor.app/$(BUNDLE_EXECUTABLE_FOLDER_PATH)/i am poor";
			};
			name = Debug;
		};
		48F730CC2A9D31A40056FEFB /* Release */ = {
			isa = XCBuildConfiguration;
			buildSettings = {
				ALWAYS_EMBED_SWIFT_STANDARD_LIBRARIES = YES;
				BUNDLE_LOADER = "$(TEST_HOST)";
				CODE_SIGN_STYLE = Automatic;
				CURRENT_PROJECT_VERSION = 1;
				DEVELOPMENT_TEAM = 4W8XF8ZAGR;
				GENERATE_INFOPLIST_FILE = YES;
				IPHONEOS_DEPLOYMENT_TARGET = 16.2;
				MARKETING_VERSION = 1.0;
				PRODUCT_BUNDLE_IDENTIFIER = "info.louispelosi.i-am-poorTests";
				PRODUCT_NAME = "$(TARGET_NAME)";
				SWIFT_EMIT_LOC_STRINGS = NO;
				SWIFT_VERSION = 5.0;
				TARGETED_DEVICE_FAMILY = "1,2";
				TEST_HOST = "$(BUILT_PRODUCTS_DIR)/i am poor.app/$(BUNDLE_EXECUTABLE_FOLDER_PATH)/i am poor";
			};
			name = Release;
		};
		48F730CE2A9D31A40056FEFB /* Debug */ = {
			isa = XCBuildConfiguration;
			buildSettings = {
				ALWAYS_EMBED_SWIFT_STANDARD_LIBRARIES = YES;
				CODE_SIGN_STYLE = Automatic;
				CURRENT_PROJECT_VERSION = 1;
				DEVELOPMENT_TEAM = 4W8XF8ZAGR;
				GENERATE_INFOPLIST_FILE = YES;
				MARKETING_VERSION = 1.0;
				PRODUCT_BUNDLE_IDENTIFIER = "info.louispelosi.i-am-poorUITests";
				PRODUCT_NAME = "$(TARGET_NAME)";
				SWIFT_EMIT_LOC_STRINGS = NO;
				SWIFT_VERSION = 5.0;
				TARGETED_DEVICE_FAMILY = "1,2";
				TEST_TARGET_NAME = "i am poor";
			};
			name = Debug;
		};
		48F730CF2A9D31A40056FEFB /* Release */ = {
			isa = XCBuildConfiguration;
			buildSettings = {
				ALWAYS_EMBED_SWIFT_STANDARD_LIBRARIES = YES;
				CODE_SIGN_STYLE = Automatic;
				CURRENT_PROJECT_VERSION = 1;
				DEVELOPMENT_TEAM = 4W8XF8ZAGR;
				GENERATE_INFOPLIST_FILE = YES;
				MARKETING_VERSION = 1.0;
				PRODUCT_BUNDLE_IDENTIFIER = "info.louispelosi.i-am-poorUITests";
				PRODUCT_NAME = "$(TARGET_NAME)";
				SWIFT_EMIT_LOC_STRINGS = NO;
				SWIFT_VERSION = 5.0;
				TARGETED_DEVICE_FAMILY = "1,2";
				TEST_TARGET_NAME = "i am poor";
			};
			name = Release;
		};
/* End XCBuildConfiguration section */

/* Begin XCConfigurationList section */
		48F730982A9D31A20056FEFB /* Build configuration list for PBXProject "i am poor" */ = {
			isa = XCConfigurationList;
			buildConfigurations = (
				48F730C52A9D31A40056FEFB /* Debug */,
				48F730C62A9D31A40056FEFB /* Release */,
			);
			defaultConfigurationIsVisible = 0;
			defaultConfigurationName = Release;
		};
		48F730C72A9D31A40056FEFB /* Build configuration list for PBXNativeTarget "i am poor" */ = {
			isa = XCConfigurationList;
			buildConfigurations = (
				48F730C82A9D31A40056FEFB /* Debug */,
				48F730C92A9D31A40056FEFB /* Release */,
			);
			defaultConfigurationIsVisible = 0;
			defaultConfigurationName = Release;
		};
		48F730CA2A9D31A40056FEFB /* Build configuration list for PBXNativeTarget "i am poorTests" */ = {
			isa = XCConfigurationList;
			buildConfigurations = (
				48F730CB2A9D31A40056FEFB /* Debug */,
				48F730CC2A9D31A40056FEFB /* Release */,
			);
			defaultConfigurationIsVisible = 0;
			defaultConfigurationName = Release;
		};
		48F730CD2A9D31A40056FEFB /* Build configuration list for PBXNativeTarget "i am poorUITests" */ = {
			isa = XCConfigurationList;
			buildConfigurations = (
				48F730CE2A9D31A40056FEFB /* Debug */,
				48F730CF2A9D31A40056FEFB /* Release */,
			);
			defaultConfigurationIsVisible = 0;
			defaultConfigurationName = Release;
		};
/* End XCConfigurationList section */
	};
	rootObject = 48F730952A9D31A20056FEFB /* Project object */;
}
